
Microsoft Visual Studio Solution File, Format Version 12.00
# Visual Studio Version 17
VisualStudioVersion = 17.2.32616.157
MinimumVisualStudioVersion = 10.0.40219.1
Project("{FAE04EC0-301F-11D3-BF4B-00C04F79EFBC}") = "Polimorfismo", "Polimorfirsmo\Polimorfismo.csproj", "{58805A21-57B4-40CD-B8E2-469DB7B9ACAA}"
EndProject
Global
	GlobalSection(SolutionConfigurationPlatforms) = preSolution
		Debug|Any CPU = Debug|Any CPU
		Release|Any CPU = Release|Any CPU
	EndGlobalSection
	GlobalSection(ProjectConfigurationPlatforms) = postSolution
		{58805A21-57B4-40CD-B8E2-469DB7B9ACAA}.Debug|Any CPU.ActiveCfg = Debug|Any CPU
		{58805A21-57B4-40CD-B8E2-469DB7B9ACAA}.Debug|Any CPU.Build.0 = Debug|Any CPU
		{58805A21-57B4-40CD-B8E2-469DB7B9ACAA}.Release|Any CPU.ActiveCfg = Release|Any CPU
		{58805A21-57B4-40CD-B8E2-469DB7B9ACAA}.Release|Any CPU.Build.0 = Release|Any CPU
	EndGlobalSection
	GlobalSection(SolutionProperties) = preSolution
		HideSolutionNode = FALSE
	EndGlobalSection
	GlobalSection(ExtensibilityGlobals) = postSolution
		SolutionGuid = {4AAF5D59-3809-41E7-9953-9D63B985012E}
	EndGlobalSection
EndGlobal
